
Microsoft Visual Studio Solution File, Format Version 11.00
# Visual Studio 2010
Project("{8BC9CEB8-8B4A-11D0-8D11-00A0C91BC942}") = "D3D Blending", "D3D Blending\D3D Blending.vcxproj", "{3AD6E3E8-8F6C-4674-930A-02966F833F37}"
EndProject
Global
	GlobalSection(SolutionConfigurationPlatforms) = preSolution
		Debug|Win32 = Debug|Win32
		Release|Win32 = Release|Win32
	EndGlobalSection
	GlobalSection(ProjectConfigurationPlatforms) = postSolution
		{3AD6E3E8-8F6C-4674-930A-02966F833F37}.Debug|Win32.ActiveCfg = Debug|Win32
		{3AD6E3E8-8F6C-4674-930A-02966F833F37}.Debug|Win32.Build.0 = Debug|Win32
		{3AD6E3E8-8F6C-4674-930A-02966F833F37}.Release|Win32.ActiveCfg = Release|Win32
		{3AD6E3E8-8F6C-4674-930A-02966F833F37}.Release|Win32.Build.0 = Release|Win32
	EndGlobalSection
	GlobalSection(SolutionProperties) = preSolution
		HideSolutionNode = FALSE
	EndGlobalSection
EndGlobal
